PODS:
  - R.swift (6.1.0):
    - R.swift.Library (~> 5.3.0)
  - R.swift.Library (5.3.0)
  - ReachabilitySwift (5.0.0)
  - RxCocoa (6.5.0):
    - RxRelay (= 6.5.0)
    - RxSwift (= 6.5.0)
  - RxReachability (1.2.1):
    - ReachabilitySwift (< 6.0, >= 5.0)
    - RxCocoa (~> 6)
    - RxSwift (~> 6)
  - RxRelay (6.5.0):
    - RxSwift (= 6.5.0)
  - RxSwift (6.5.0)
  - SDWebImage (5.13.2):
    - SDWebImage/Core (= 5.13.2)
  - SDWebImage/Core (5.13.2)

DEPENDENCIES:
  - R.swift
  - RxCocoa (= 6.5.0)
  - RxReachability (~> 1.2.1)
  - RxSwift (= 6.5.0)
  - SDWebImage

SPEC REPOS:
  trunk:
    - R.swift
    - R.swift.Library
    - ReachabilitySwift
    - RxCocoa
    - RxReachability
    - RxRelay
    - RxSwift
    - SDWebImage

SPEC CHECKSUMS:
  R.swift: ec98ff71c4ab2f6fd01dd077e5afd15e63a4834c
  R.swift.Library: 0fc583cb55a99e28901299cc451614cad1161962
  ReachabilitySwift: 985039c6f7b23a1da463388634119492ff86c825
  RxCocoa: 94f817b71c07517321eb4f9ad299112ca8af743b
  RxReachability: bfd13548bf1dac7a877082d13918a9f39bdb5c18
  RxRelay: 1de1523e604c72b6c68feadedd1af3b1b4d0ecbd
  RxSwift: 5710a9e6b17f3c3d6e40d6e559b9fa1e813b2ef8
  SDWebImage: 72f86271a6f3139cc7e4a89220946489d4b9a866

PODFILE CHECKSUM: e460f8f1d2de8372e7c2635093df9d05e6835243

COCOAPODS: 1.11.3
