// !$*UTF8*$!
{
	archiveVersion = 1;
	classes = {
	};
	objectVersion = 55;
	objects = {

/* Begin PBXBuildFile section */
		77823DBAAF3A65C0ABC7E5D6 /* Pods_SpaceX_MVVM_RxSwift.framework in Frameworks */ = {isa = PBXBuildFile; fileRef = 11AC851B90B31ADEF4922625 /* Pods_SpaceX_MVVM_RxSwift.framework */; };
		9C240A4A28F751AD0074C74C /* RocketInfoView.swift in Sources */ = {isa = PBXBuildFile; fileRef = 9C240A4928F751AD0074C74C /* RocketInfoView.swift */; };
		9C240A4C28F873190074C74C /* UIImage+.swift in Sources */ = {isa = PBXBuildFile; fileRef = 9C240A4B28F873190074C74C /* UIImage+.swift */; };
		9C45BF8F298BEF1A005577C2 /* DetailViewController.swift in Sources */ = {isa = PBXBuildFile; fileRef = 9C45BF8E298BEF1A005577C2 /* DetailViewController.swift */; };
		9C45BF91298BF14A005577C2 /* DetailCell.swift in Sources */ = {isa = PBXBuildFile; fileRef = 9C45BF90298BF14A005577C2 /* DetailCell.swift */; };
		9C4F0451298C0E1D002A5562 /* DetailHeader.swift in Sources */ = {isa = PBXBuildFile; fileRef = 9C4F0450298C0E1C002A5562 /* DetailHeader.swift */; };
		9C4F0453298C27F8002A5562 /* DetailCollectionCell.swift in Sources */ = {isa = PBXBuildFile; fileRef = 9C4F0452298C27F8002A5562 /* DetailCollectionCell.swift */; };
		9C4F0455298C78F2002A5562 /* Rocket.swift in Sources */ = {isa = PBXBuildFile; fileRef = 9C4F0454298C78F2002A5562 /* Rocket.swift */; };
		9C6F7C6B28FF1E56001CC8A9 /* UIStackView+.swift in Sources */ = {isa = PBXBuildFile; fileRef = 9C6F7C6A28FF1E56001CC8A9 /* UIStackView+.swift */; };
		9C8CBA9728E8BBF900947DB7 /* AppCoordinator.swift in Sources */ = {isa = PBXBuildFile; fileRef = 9C8CBA9628E8BBF900947DB7 /* AppCoordinator.swift */; };
		9C8CBA9928E8BFEE00947DB7 /* Constants.swift in Sources */ = {isa = PBXBuildFile; fileRef = 9C8CBA9828E8BFEE00947DB7 /* Constants.swift */; };
		9C8CBA9C28E8C09900947DB7 /* UIColor+.swift in Sources */ = {isa = PBXBuildFile; fileRef = 9C8CBA9B28E8C09900947DB7 /* UIColor+.swift */; };
		9C8EA75D28EA08A800A73F12 /* CoordinatorProtocol.swift in Sources */ = {isa = PBXBuildFile; fileRef = 9C8EA75C28EA08A800A73F12 /* CoordinatorProtocol.swift */; };
		9C8EA75F28EA125100A73F12 /* Section.swift in Sources */ = {isa = PBXBuildFile; fileRef = 9C8EA75E28EA125100A73F12 /* Section.swift */; };
		9C8EA76128EA12FE00A73F12 /* MainCell.swift in Sources */ = {isa = PBXBuildFile; fileRef = 9C8EA76028EA12FE00A73F12 /* MainCell.swift */; };
		9C8EA76328EA134500A73F12 /* SectionHeader.swift in Sources */ = {isa = PBXBuildFile; fileRef = 9C8EA76228EA134500A73F12 /* SectionHeader.swift */; };
		9C8EA76528EA147700A73F12 /* UIFont+.swift in Sources */ = {isa = PBXBuildFile; fileRef = 9C8EA76428EA147700A73F12 /* UIFont+.swift */; };
		9C8EA76728ECAA7600A73F12 /* UIView+.swift in Sources */ = {isa = PBXBuildFile; fileRef = 9C8EA76628ECAA7600A73F12 /* UIView+.swift */; };
		9CACA48628E8C3D100B5325D /* LaunchInfo.swift in Sources */ = {isa = PBXBuildFile; fileRef = 9CACA48528E8C3D100B5325D /* LaunchInfo.swift */; };
		9CACA48A28E8C76900B5325D /* NetworkService.swift in Sources */ = {isa = PBXBuildFile; fileRef = 9CACA48928E8C76900B5325D /* NetworkService.swift */; };
		9CACA48C28E9FE1900B5325D /* MainViewModel.swift in Sources */ = {isa = PBXBuildFile; fileRef = 9CACA48B28E9FE1900B5325D /* MainViewModel.swift */; };
		9CACA48F28EA06BF00B5325D /* MainConfigurator.swift in Sources */ = {isa = PBXBuildFile; fileRef = 9CACA48E28EA06BF00B5325D /* MainConfigurator.swift */; };
		9CB21D1F28F739C600D275C9 /* DetailViewController2.swift in Sources */ = {isa = PBXBuildFile; fileRef = 9CB21D1E28F739C600D275C9 /* DetailViewController2.swift */; };
		9CB21D2128F739D300D275C9 /* DetailViewModel.swift in Sources */ = {isa = PBXBuildFile; fileRef = 9CB21D2028F739D300D275C9 /* DetailViewModel.swift */; };
		9CB21D2328F73A9000D275C9 /* DetailConfigurator.swift in Sources */ = {isa = PBXBuildFile; fileRef = 9CB21D2228F73A9000D275C9 /* DetailConfigurator.swift */; };
		9CE4A3F528E8B1D70029ECA1 /* AppDelegate.swift in Sources */ = {isa = PBXBuildFile; fileRef = 9CE4A3F428E8B1D70029ECA1 /* AppDelegate.swift */; };
		9CE4A3F728E8B1D70029ECA1 /* SceneDelegate.swift in Sources */ = {isa = PBXBuildFile; fileRef = 9CE4A3F628E8B1D70029ECA1 /* SceneDelegate.swift */; };
		9CE4A3F928E8B1D70029ECA1 /* MainViewController.swift in Sources */ = {isa = PBXBuildFile; fileRef = 9CE4A3F828E8B1D70029ECA1 /* MainViewController.swift */; };
		9CE4A3FE28E8B1D90029ECA1 /* Assets.xcassets in Resources */ = {isa = PBXBuildFile; fileRef = 9CE4A3FD28E8B1D90029ECA1 /* Assets.xcassets */; };
		9CE4A40128E8B1D90029ECA1 /* LaunchScreen.storyboard in Resources */ = {isa = PBXBuildFile; fileRef = 9CE4A3FF28E8B1D90029ECA1 /* LaunchScreen.storyboard */; };
/* End PBXBuildFile section */

/* Begin PBXFileReference section */
		11AC851B90B31ADEF4922625 /* Pods_SpaceX_MVVM_RxSwift.framework */ = {isa = PBXFileReference; explicitFileType = wrapper.framework; includeInIndex = 0; path = Pods_SpaceX_MVVM_RxSwift.framework; sourceTree = BUILT_PRODUCTS_DIR; };
		988FE4164DB7D8B6F8992F2E /* Pods-SpaceX-MVVM-RxSwift.debug.xcconfig */ = {isa = PBXFileReference; includeInIndex = 1; lastKnownFileType = text.xcconfig; name = "Pods-SpaceX-MVVM-RxSwift.debug.xcconfig"; path = "Target Support Files/Pods-SpaceX-MVVM-RxSwift/Pods-SpaceX-MVVM-RxSwift.debug.xcconfig"; sourceTree = "<group>"; };
		9C240A4928F751AD0074C74C /* RocketInfoView.swift */ = {isa = PBXFileReference; lastKnownFileType = sourcecode.swift; path = RocketInfoView.swift; sourceTree = "<group>"; };
		9C240A4B28F873190074C74C /* UIImage+.swift */ = {isa = PBXFileReference; lastKnownFileType = sourcecode.swift; path = "UIImage+.swift"; sourceTree = "<group>"; };
		9C45BF8E298BEF1A005577C2 /* DetailViewController.swift */ = {isa = PBXFileReference; lastKnownFileType = sourcecode.swift; path = DetailViewController.swift; sourceTree = "<group>"; };
		9C45BF90298BF14A005577C2 /* DetailCell.swift */ = {isa = PBXFileReference; lastKnownFileType = sourcecode.swift; path = DetailCell.swift; sourceTree = "<group>"; };
		9C4F0450298C0E1C002A5562 /* DetailHeader.swift */ = {isa = PBXFileReference; lastKnownFileType = sourcecode.swift; path = DetailHeader.swift; sourceTree = "<group>"; };
		9C4F0452298C27F8002A5562 /* DetailCollectionCell.swift */ = {isa = PBXFileReference; lastKnownFileType = sourcecode.swift; path = DetailCollectionCell.swift; sourceTree = "<group>"; };
		9C4F0454298C78F2002A5562 /* Rocket.swift */ = {isa = PBXFileReference; lastKnownFileType = sourcecode.swift; path = Rocket.swift; sourceTree = "<group>"; };
		9C6F7C6A28FF1E56001CC8A9 /* UIStackView+.swift */ = {isa = PBXFileReference; lastKnownFileType = sourcecode.swift; path = "UIStackView+.swift"; sourceTree = "<group>"; };
		9C8CBA9628E8BBF900947DB7 /* AppCoordinator.swift */ = {isa = PBXFileReference; lastKnownFileType = sourcecode.swift; path = AppCoordinator.swift; sourceTree = "<group>"; };
		9C8CBA9828E8BFEE00947DB7 /* Constants.swift */ = {isa = PBXFileReference; lastKnownFileType = sourcecode.swift; path = Constants.swift; sourceTree = "<group>"; };
		9C8CBA9B28E8C09900947DB7 /* UIColor+.swift */ = {isa = PBXFileReference; lastKnownFileType = sourcecode.swift; path = "UIColor+.swift"; sourceTree = "<group>"; };
		9C8EA75C28EA08A800A73F12 /* CoordinatorProtocol.swift */ = {isa = PBXFileReference; lastKnownFileType = sourcecode.swift; path = CoordinatorProtocol.swift; sourceTree = "<group>"; };
		9C8EA75E28EA125100A73F12 /* Section.swift */ = {isa = PBXFileReference; lastKnownFileType = sourcecode.swift; path = Section.swift; sourceTree = "<group>"; };
		9C8EA76028EA12FE00A73F12 /* MainCell.swift */ = {isa = PBXFileReference; lastKnownFileType = sourcecode.swift; path = MainCell.swift; sourceTree = "<group>"; };
		9C8EA76228EA134500A73F12 /* SectionHeader.swift */ = {isa = PBXFileReference; lastKnownFileType = sourcecode.swift; path = SectionHeader.swift; sourceTree = "<group>"; };
		9C8EA76428EA147700A73F12 /* UIFont+.swift */ = {isa = PBXFileReference; lastKnownFileType = sourcecode.swift; path = "UIFont+.swift"; sourceTree = "<group>"; };
		9C8EA76628ECAA7600A73F12 /* UIView+.swift */ = {isa = PBXFileReference; lastKnownFileType = sourcecode.swift; path = "UIView+.swift"; sourceTree = "<group>"; };
		9CACA48528E8C3D100B5325D /* LaunchInfo.swift */ = {isa = PBXFileReference; lastKnownFileType = sourcecode.swift; path = LaunchInfo.swift; sourceTree = "<group>"; };
		9CACA48928E8C76900B5325D /* NetworkService.swift */ = {isa = PBXFileReference; lastKnownFileType = sourcecode.swift; path = NetworkService.swift; sourceTree = "<group>"; };
		9CACA48B28E9FE1900B5325D /* MainViewModel.swift */ = {isa = PBXFileReference; lastKnownFileType = sourcecode.swift; path = MainViewModel.swift; sourceTree = "<group>"; };
		9CACA48E28EA06BF00B5325D /* MainConfigurator.swift */ = {isa = PBXFileReference; lastKnownFileType = sourcecode.swift; path = MainConfigurator.swift; sourceTree = "<group>"; };
		9CB21D1E28F739C600D275C9 /* DetailViewController2.swift */ = {isa = PBXFileReference; lastKnownFileType = sourcecode.swift; path = DetailViewController2.swift; sourceTree = "<group>"; };
		9CB21D2028F739D300D275C9 /* DetailViewModel.swift */ = {isa = PBXFileReference; lastKnownFileType = sourcecode.swift; path = DetailViewModel.swift; sourceTree = "<group>"; };
		9CB21D2228F73A9000D275C9 /* DetailConfigurator.swift */ = {isa = PBXFileReference; lastKnownFileType = sourcecode.swift; path = DetailConfigurator.swift; sourceTree = "<group>"; };
		9CE4A3F128E8B1D70029ECA1 /* SpaceX-MVVM-RxSwift.app */ = {isa = PBXFileReference; explicitFileType = wrapper.application; includeInIndex = 0; path = "SpaceX-MVVM-RxSwift.app"; sourceTree = BUILT_PRODUCTS_DIR; };
		9CE4A3F428E8B1D70029ECA1 /* AppDelegate.swift */ = {isa = PBXFileReference; lastKnownFileType = sourcecode.swift; path = AppDelegate.swift; sourceTree = "<group>"; };
		9CE4A3F628E8B1D70029ECA1 /* SceneDelegate.swift */ = {isa = PBXFileReference; lastKnownFileType = sourcecode.swift; path = SceneDelegate.swift; sourceTree = "<group>"; };
		9CE4A3F828E8B1D70029ECA1 /* MainViewController.swift */ = {isa = PBXFileReference; lastKnownFileType = sourcecode.swift; path = MainViewController.swift; sourceTree = "<group>"; };
		9CE4A3FD28E8B1D90029ECA1 /* Assets.xcassets */ = {isa = PBXFileReference; lastKnownFileType = folder.assetcatalog; path = Assets.xcassets; sourceTree = "<group>"; };
		9CE4A40028E8B1D90029ECA1 /* Base */ = {isa = PBXFileReference; lastKnownFileType = file.storyboard; name = Base; path = Base.lproj/LaunchScreen.storyboard; sourceTree = "<group>"; };
		9CE4A40228E8B1D90029ECA1 /* Info.plist */ = {isa = PBXFileReference; lastKnownFileType = text.plist.xml; path = Info.plist; sourceTree = "<group>"; };
		B9C3AE302973B4834483412F /* Pods-SpaceX-MVVM-RxSwift.release.xcconfig */ = {isa = PBXFileReference; includeInIndex = 1; lastKnownFileType = text.xcconfig; name = "Pods-SpaceX-MVVM-RxSwift.release.xcconfig"; path = "Target Support Files/Pods-SpaceX-MVVM-RxSwift/Pods-SpaceX-MVVM-RxSwift.release.xcconfig"; sourceTree = "<group>"; };
/* End PBXFileReference section */

/* Begin PBXFrameworksBuildPhase section */
		9CE4A3EE28E8B1D70029ECA1 /* Frameworks */ = {
			isa = PBXFrameworksBuildPhase;
			buildActionMask = 2147483647;
			files = (
				77823DBAAF3A65C0ABC7E5D6 /* Pods_SpaceX_MVVM_RxSwift.framework in Frameworks */,
			);
			runOnlyForDeploymentPostprocessing = 0;
		};
/* End PBXFrameworksBuildPhase section */

/* Begin PBXGroup section */
		9C45BF8D298BEECE005577C2 /* Old */ = {
			isa = PBXGroup;
			children = (
				9C240A4928F751AD0074C74C /* RocketInfoView.swift */,
				9CB21D1E28F739C600D275C9 /* DetailViewController2.swift */,
			);
			path = Old;
			sourceTree = "<group>";
		};
		9C8CBA9528E8BBEA00947DB7 /* Coordinator */ = {
			isa = PBXGroup;
			children = (
				9CACA48D28EA06B400B5325D /* Configurators */,
				9C8EA75C28EA08A800A73F12 /* CoordinatorProtocol.swift */,
				9C8CBA9628E8BBF900947DB7 /* AppCoordinator.swift */,
			);
			path = Coordinator;
			sourceTree = "<group>";
		};
		9C8CBA9A28E8C08D00947DB7 /* Extensions */ = {
			isa = PBXGroup;
			children = (
				9C8CBA9B28E8C09900947DB7 /* UIColor+.swift */,
				9C8EA76428EA147700A73F12 /* UIFont+.swift */,
				9C8EA76628ECAA7600A73F12 /* UIView+.swift */,
				9C240A4B28F873190074C74C /* UIImage+.swift */,
				9C6F7C6A28FF1E56001CC8A9 /* UIStackView+.swift */,
			);
			path = Extensions;
			sourceTree = "<group>";
		};
		9C8CBA9D28E8C0CD00947DB7 /* View */ = {
			isa = PBXGroup;
			children = (
				9C8EA76028EA12FE00A73F12 /* MainCell.swift */,
				9CE4A3F828E8B1D70029ECA1 /* MainViewController.swift */,
				9C8EA76228EA134500A73F12 /* SectionHeader.swift */,
			);
			path = View;
			sourceTree = "<group>";
		};
		9CACA48228E8C3A500B5325D /* Services */ = {
			isa = PBXGroup;
			children = (
				9CACA48328E8C3AF00B5325D /* Networking */,
			);
			path = Services;
			sourceTree = "<group>";
		};
		9CACA48328E8C3AF00B5325D /* Networking */ = {
			isa = PBXGroup;
			children = (
				9CACA48928E8C76900B5325D /* NetworkService.swift */,
			);
			path = Networking;
			sourceTree = "<group>";
		};
		9CACA48D28EA06B400B5325D /* Configurators */ = {
			isa = PBXGroup;
			children = (
				9CACA48E28EA06BF00B5325D /* MainConfigurator.swift */,
				9CB21D2228F73A9000D275C9 /* DetailConfigurator.swift */,
			);
			path = Configurators;
			sourceTree = "<group>";
		};
		9CB21D1C28F7399500D275C9 /* Detail */ = {
			isa = PBXGroup;
			children = (
				9CB21D1D28F739AD00D275C9 /* View */,
				9CB21D2028F739D300D275C9 /* DetailViewModel.swift */,
			);
			path = Detail;
			sourceTree = "<group>";
		};
		9CB21D1D28F739AD00D275C9 /* View */ = {
			isa = PBXGroup;
			children = (
				9C45BF8D298BEECE005577C2 /* Old */,
				9C45BF8E298BEF1A005577C2 /* DetailViewController.swift */,
				9C45BF90298BF14A005577C2 /* DetailCell.swift */,
				9C4F0452298C27F8002A5562 /* DetailCollectionCell.swift */,
				9C4F0450298C0E1C002A5562 /* DetailHeader.swift */,
			);
			path = View;
			sourceTree = "<group>";
		};
		9CE4A3E828E8B1D70029ECA1 = {
			isa = PBXGroup;
			children = (
				9CE4A3F328E8B1D70029ECA1 /* SpaceX-MVVM-RxSwift */,
				9CE4A3F228E8B1D70029ECA1 /* Products */,
				E1F4C135E66DEC23E39014C7 /* Pods */,
				9FB9AED1519FC93C13498F91 /* Frameworks */,
			);
			sourceTree = "<group>";
		};
		9CE4A3F228E8B1D70029ECA1 /* Products */ = {
			isa = PBXGroup;
			children = (
				9CE4A3F128E8B1D70029ECA1 /* SpaceX-MVVM-RxSwift.app */,
			);
			name = Products;
			sourceTree = "<group>";
		};
		9CE4A3F328E8B1D70029ECA1 /* SpaceX-MVVM-RxSwift */ = {
			isa = PBXGroup;
			children = (
				9CE4A40828E8B6230029ECA1 /* App */,
				9CE4A40B28E8BAF20029ECA1 /* Models */,
				9CE4A40A28E8BAEB0029ECA1 /* Modules */,
				9CE4A40928E8B6AA0029ECA1 /* Support files */,
				9C8CBA9A28E8C08D00947DB7 /* Extensions */,
				9CACA48228E8C3A500B5325D /* Services */,
				9CE4A40228E8B1D90029ECA1 /* Info.plist */,
			);
			path = "SpaceX-MVVM-RxSwift";
			sourceTree = "<group>";
		};
		9CE4A40828E8B6230029ECA1 /* App */ = {
			isa = PBXGroup;
			children = (
				9C8CBA9528E8BBEA00947DB7 /* Coordinator */,
				9CE4A3F428E8B1D70029ECA1 /* AppDelegate.swift */,
				9CE4A3F628E8B1D70029ECA1 /* SceneDelegate.swift */,
			);
			path = App;
			sourceTree = "<group>";
		};
		9CE4A40928E8B6AA0029ECA1 /* Support files */ = {
			isa = PBXGroup;
			children = (
				9C8CBA9828E8BFEE00947DB7 /* Constants.swift */,
				9CE4A3FD28E8B1D90029ECA1 /* Assets.xcassets */,
				9CE4A3FF28E8B1D90029ECA1 /* LaunchScreen.storyboard */,
			);
			path = "Support files";
			sourceTree = "<group>";
		};
		9CE4A40A28E8BAEB0029ECA1 /* Modules */ = {
			isa = PBXGroup;
			children = (
				9CE4A40C28E8BAFD0029ECA1 /* Main */,
				9CB21D1C28F7399500D275C9 /* Detail */,
			);
			path = Modules;
			sourceTree = "<group>";
		};
		9CE4A40B28E8BAF20029ECA1 /* Models */ = {
			isa = PBXGroup;
			children = (
				9CACA48528E8C3D100B5325D /* LaunchInfo.swift */,
				9C4F0454298C78F2002A5562 /* Rocket.swift */,
				9C8EA75E28EA125100A73F12 /* Section.swift */,
			);
			path = Models;
			sourceTree = "<group>";
		};
		9CE4A40C28E8BAFD0029ECA1 /* Main */ = {
			isa = PBXGroup;
			children = (
				9C8CBA9D28E8C0CD00947DB7 /* View */,
				9CACA48B28E9FE1900B5325D /* MainViewModel.swift */,
			);
			path = Main;
			sourceTree = "<group>";
		};
		9FB9AED1519FC93C13498F91 /* Frameworks */ = {
			isa = PBXGroup;
			children = (
				11AC851B90B31ADEF4922625 /* Pods_SpaceX_MVVM_RxSwift.framework */,
			);
			name = Frameworks;
			sourceTree = "<group>";
		};
		E1F4C135E66DEC23E39014C7 /* Pods */ = {
			isa = PBXGroup;
			children = (
				988FE4164DB7D8B6F8992F2E /* Pods-SpaceX-MVVM-RxSwift.debug.xcconfig */,
				B9C3AE302973B4834483412F /* Pods-SpaceX-MVVM-RxSwift.release.xcconfig */,
			);
			path = Pods;
			sourceTree = "<group>";
		};
/* End PBXGroup section */

/* Begin PBXNativeTarget section */
		9CE4A3F028E8B1D70029ECA1 /* SpaceX-MVVM-RxSwift */ = {
			isa = PBXNativeTarget;
			buildConfigurationList = 9CE4A40528E8B1D90029ECA1 /* Build configuration list for PBXNativeTarget "SpaceX-MVVM-RxSwift" */;
			buildPhases = (
				64CAB962436F8548514BF2AC /* [CP] Check Pods Manifest.lock */,
				9CE4A3ED28E8B1D70029ECA1 /* Sources */,
				9CE4A3EE28E8B1D70029ECA1 /* Frameworks */,
				9CE4A3EF28E8B1D70029ECA1 /* Resources */,
				F89B37B8E662DDACDF430A02 /* [CP] Embed Pods Frameworks */,
			);
			buildRules = (
			);
			dependencies = (
			);
			name = "SpaceX-MVVM-RxSwift";
			productName = "SpaceX-MVVM-RxSwift";
			productReference = 9CE4A3F128E8B1D70029ECA1 /* SpaceX-MVVM-RxSwift.app */;
			productType = "com.apple.product-type.application";
		};
/* End PBXNativeTarget section */

/* Begin PBXProject section */
		9CE4A3E928E8B1D70029ECA1 /* Project object */ = {
			isa = PBXProject;
			attributes = {
				BuildIndependentTargetsInParallel = 1;
				LastSwiftUpdateCheck = 1400;
				LastUpgradeCheck = 1400;
				TargetAttributes = {
					9CE4A3F028E8B1D70029ECA1 = {
						CreatedOnToolsVersion = 14.0;
					};
				};
			};
			buildConfigurationList = 9CE4A3EC28E8B1D70029ECA1 /* Build configuration list for PBXProject "SpaceX-MVVM-RxSwift" */;
			compatibilityVersion = "Xcode 13.0";
			developmentRegion = en;
			hasScannedForEncodings = 0;
			knownRegions = (
				en,
				Base,
			);
			mainGroup = 9CE4A3E828E8B1D70029ECA1;
			productRefGroup = 9CE4A3F228E8B1D70029ECA1 /* Products */;
			projectDirPath = "";
			projectRoot = "";
			targets = (
				9CE4A3F028E8B1D70029ECA1 /* SpaceX-MVVM-RxSwift */,
			);
		};
/* End PBXProject section */

/* Begin PBXResourcesBuildPhase section */
		9CE4A3EF28E8B1D70029ECA1 /* Resources */ = {
			isa = PBXResourcesBuildPhase;
			buildActionMask = 2147483647;
			files = (
				9CE4A40128E8B1D90029ECA1 /* LaunchScreen.storyboard in Resources */,
				9CE4A3FE28E8B1D90029ECA1 /* Assets.xcassets in Resources */,
			);
			runOnlyForDeploymentPostprocessing = 0;
		};
/* End PBXResourcesBuildPhase section */

/* Begin PBXShellScriptBuildPhase section */
		64CAB962436F8548514BF2AC /* [CP] Check Pods Manifest.lock */ = {
			isa = PBXShellScriptBuildPhase;
			buildActionMask = 2147483647;
			files = (
			);
			inputFileListPaths = (
			);
			inputPaths = (
				"${PODS_PODFILE_DIR_PATH}/Podfile.lock",
				"${PODS_ROOT}/Manifest.lock",
			);
			name = "[CP] Check Pods Manifest.lock";
			outputFileListPaths = (
			);
			outputPaths = (
				"$(DERIVED_FILE_DIR)/Pods-SpaceX-MVVM-RxSwift-checkManifestLockResult.txt",
			);
			runOnlyForDeploymentPostprocessing = 0;
			shellPath = /bin/sh;
			shellScript = "diff \"${PODS_PODFILE_DIR_PATH}/Podfile.lock\" \"${PODS_ROOT}/Manifest.lock\" > /dev/null\nif [ $? != 0 ] ; then\n    # print error to STDERR\n    echo \"error: The sandbox is not in sync with the Podfile.lock. Run 'pod install' or update your CocoaPods installation.\" >&2\n    exit 1\nfi\n# This output is used by Xcode 'outputs' to avoid re-running this script phase.\necho \"SUCCESS\" > \"${SCRIPT_OUTPUT_FILE_0}\"\n";
			showEnvVarsInLog = 0;
		};
		F89B37B8E662DDACDF430A02 /* [CP] Embed Pods Frameworks */ = {
			isa = PBXShellScriptBuildPhase;
			buildActionMask = 2147483647;
			files = (
			);
			inputFileListPaths = (
				"${PODS_ROOT}/Target Support Files/Pods-SpaceX-MVVM-RxSwift/Pods-SpaceX-MVVM-RxSwift-frameworks-${CONFIGURATION}-input-files.xcfilelist",
			);
			name = "[CP] Embed Pods Frameworks";
			outputFileListPaths = (
				"${PODS_ROOT}/Target Support Files/Pods-SpaceX-MVVM-RxSwift/Pods-SpaceX-MVVM-RxSwift-frameworks-${CONFIGURATION}-output-files.xcfilelist",
			);
			runOnlyForDeploymentPostprocessing = 0;
			shellPath = /bin/sh;
			shellScript = "\"${PODS_ROOT}/Target Support Files/Pods-SpaceX-MVVM-RxSwift/Pods-SpaceX-MVVM-RxSwift-frameworks.sh\"\n";
			showEnvVarsInLog = 0;
		};
/* End PBXShellScriptBuildPhase section */

/* Begin PBXSourcesBuildPhase section */
		9CE4A3ED28E8B1D70029ECA1 /* Sources */ = {
			isa = PBXSourcesBuildPhase;
			buildActionMask = 2147483647;
			files = (
				9CACA48628E8C3D100B5325D /* LaunchInfo.swift in Sources */,
				9CB21D1F28F739C600D275C9 /* DetailViewController2.swift in Sources */,
				9C45BF8F298BEF1A005577C2 /* DetailViewController.swift in Sources */,
				9C240A4A28F751AD0074C74C /* RocketInfoView.swift in Sources */,
				9C8EA75F28EA125100A73F12 /* Section.swift in Sources */,
				9C8CBA9928E8BFEE00947DB7 /* Constants.swift in Sources */,
				9C8CBA9728E8BBF900947DB7 /* AppCoordinator.swift in Sources */,
				9CACA48A28E8C76900B5325D /* NetworkService.swift in Sources */,
				9C8EA76128EA12FE00A73F12 /* MainCell.swift in Sources */,
				9CB21D2328F73A9000D275C9 /* DetailConfigurator.swift in Sources */,
				9CE4A3F928E8B1D70029ECA1 /* MainViewController.swift in Sources */,
				9C8EA76528EA147700A73F12 /* UIFont+.swift in Sources */,
				9CE4A3F528E8B1D70029ECA1 /* AppDelegate.swift in Sources */,
				9C8EA75D28EA08A800A73F12 /* CoordinatorProtocol.swift in Sources */,
				9C45BF91298BF14A005577C2 /* DetailCell.swift in Sources */,
				9C4F0451298C0E1D002A5562 /* DetailHeader.swift in Sources */,
				9CE4A3F728E8B1D70029ECA1 /* SceneDelegate.swift in Sources */,
				9C8EA76328EA134500A73F12 /* SectionHeader.swift in Sources */,
				9C4F0455298C78F2002A5562 /* Rocket.swift in Sources */,
				9C240A4C28F873190074C74C /* UIImage+.swift in Sources */,
				9CB21D2128F739D300D275C9 /* DetailViewModel.swift in Sources */,
				9C8EA76728ECAA7600A73F12 /* UIView+.swift in Sources */,
				9C8CBA9C28E8C09900947DB7 /* UIColor+.swift in Sources */,
				9CACA48C28E9FE1900B5325D /* MainViewModel.swift in Sources */,
				9CACA48F28EA06BF00B5325D /* MainConfigurator.swift in Sources */,
				9C4F0453298C27F8002A5562 /* DetailCollectionCell.swift in Sources */,
				9C6F7C6B28FF1E56001CC8A9 /* UIStackView+.swift in Sources */,
			);
			runOnlyForDeploymentPostprocessing = 0;
		};
/* End PBXSourcesBuildPhase section */

/* Begin PBXVariantGroup section */
		9CE4A3FF28E8B1D90029ECA1 /* LaunchScreen.storyboard */ = {
			isa = PBXVariantGroup;
			children = (
				9CE4A40028E8B1D90029ECA1 /* Base */,
			);
			name = LaunchScreen.storyboard;
			sourceTree = "<group>";
		};
/* End PBXVariantGroup section */

/* Begin XCBuildConfiguration section */
		9CE4A40328E8B1D90029ECA1 /* Debug */ = {
			isa = XCBuildConfiguration;
			buildSettings = {
				ALWAYS_SEARCH_USER_PATHS = NO;
				CLANG_ANALYZER_NONNULL = YES;
				CLANG_ANALYZER_NUMBER_OBJECT_CONVERSION = YES_AGGRESSIVE;
				CLANG_CXX_LANGUAGE_STANDARD = "gnu++20";
				CLANG_ENABLE_MODULES = YES;
				CLANG_ENABLE_OBJC_ARC = YES;
				CLANG_ENABLE_OBJC_WEAK = YES;
				CLANG_WARN_BLOCK_CAPTURE_AUTORELEASING = YES;
				CLANG_WARN_BOOL_CONVERSION = YES;
				CLANG_WARN_COMMA = YES;
				CLANG_WARN_CONSTANT_CONVERSION = YES;
				CLANG_WARN_DEPRECATED_OBJC_IMPLEMENTATIONS = YES;
				CLANG_WARN_DIRECT_OBJC_ISA_USAGE = YES_ERROR;
				CLANG_WARN_DOCUMENTATION_COMMENTS = YES;
				CLANG_WARN_EMPTY_BODY = YES;
				CLANG_WARN_ENUM_CONVERSION = YES;
				CLANG_WARN_INFINITE_RECURSION = YES;
				CLANG_WARN_INT_CONVERSION = YES;
				CLANG_WARN_NON_LITERAL_NULL_CONVERSION = YES;
				CLANG_WARN_OBJC_IMPLICIT_RETAIN_SELF = YES;
				CLANG_WARN_OBJC_LITERAL_CONVERSION = YES;
				CLANG_WARN_OBJC_ROOT_CLASS = YES_ERROR;
				CLANG_WARN_QUOTED_INCLUDE_IN_FRAMEWORK_HEADER = YES;
				CLANG_WARN_RANGE_LOOP_ANALYSIS = YES;
				CLANG_WARN_STRICT_PROTOTYPES = YES;
				CLANG_WARN_SUSPICIOUS_MOVE = YES;
				CLANG_WARN_UNGUARDED_AVAILABILITY = YES_AGGRESSIVE;
				CLANG_WARN_UNREACHABLE_CODE = YES;
				CLANG_WARN__DUPLICATE_METHOD_MATCH = YES;
				COPY_PHASE_STRIP = NO;
				DEBUG_INFORMATION_FORMAT = dwarf;
				ENABLE_STRICT_OBJC_MSGSEND = YES;
				ENABLE_TESTABILITY = YES;
				GCC_C_LANGUAGE_STANDARD = gnu11;
				GCC_DYNAMIC_NO_PIC = NO;
				GCC_NO_COMMON_BLOCKS = YES;
				GCC_OPTIMIZATION_LEVEL = 0;
				GCC_PREPROCESSOR_DEFINITIONS = (
					"DEBUG=1",
					"$(inherited)",
				);
				GCC_WARN_64_TO_32_BIT_CONVERSION = YES;
				GCC_WARN_ABOUT_RETURN_TYPE = YES_ERROR;
				GCC_WARN_UNDECLARED_SELECTOR = YES;
				GCC_WARN_UNINITIALIZED_AUTOS = YES_AGGRESSIVE;
				GCC_WARN_UNUSED_FUNCTION = YES;
				GCC_WARN_UNUSED_VARIABLE = YES;
				IPHONEOS_DEPLOYMENT_TARGET = 16.0;
				MTL_ENABLE_DEBUG_INFO = INCLUDE_SOURCE;
				MTL_FAST_MATH = YES;
				ONLY_ACTIVE_ARCH = YES;
				SDKROOT = iphoneos;
				SWIFT_ACTIVE_COMPILATION_CONDITIONS = DEBUG;
				SWIFT_OPTIMIZATION_LEVEL = "-Onone";
			};
			name = Debug;
		};
		9CE4A40428E8B1D90029ECA1 /* Release */ = {
			isa = XCBuildConfiguration;
			buildSettings = {
				ALWAYS_SEARCH_USER_PATHS = NO;
				CLANG_ANALYZER_NONNULL = YES;
				CLANG_ANALYZER_NUMBER_OBJECT_CONVERSION = YES_AGGRESSIVE;
				CLANG_CXX_LANGUAGE_STANDARD = "gnu++20";
				CLANG_ENABLE_MODULES = YES;
				CLANG_ENABLE_OBJC_ARC = YES;
				CLANG_ENABLE_OBJC_WEAK = YES;
				CLANG_WARN_BLOCK_CAPTURE_AUTORELEASING = YES;
				CLANG_WARN_BOOL_CONVERSION = YES;
				CLANG_WARN_COMMA = YES;
				CLANG_WARN_CONSTANT_CONVERSION = YES;
				CLANG_WARN_DEPRECATED_OBJC_IMPLEMENTATIONS = YES;
				CLANG_WARN_DIRECT_OBJC_ISA_USAGE = YES_ERROR;
				CLANG_WARN_DOCUMENTATION_COMMENTS = YES;
				CLANG_WARN_EMPTY_BODY = YES;
				CLANG_WARN_ENUM_CONVERSION = YES;
				CLANG_WARN_INFINITE_RECURSION = YES;
				CLANG_WARN_INT_CONVERSION = YES;
				CLANG_WARN_NON_LITERAL_NULL_CONVERSION = YES;
				CLANG_WARN_OBJC_IMPLICIT_RETAIN_SELF = YES;
				CLANG_WARN_OBJC_LITERAL_CONVERSION = YES;
				CLANG_WARN_OBJC_ROOT_CLASS = YES_ERROR;
				CLANG_WARN_QUOTED_INCLUDE_IN_FRAMEWORK_HEADER = YES;
				CLANG_WARN_RANGE_LOOP_ANALYSIS = YES;
				CLANG_WARN_STRICT_PROTOTYPES = YES;
				CLANG_WARN_SUSPICIOUS_MOVE = YES;
				CLANG_WARN_UNGUARDED_AVAILABILITY = YES_AGGRESSIVE;
				CLANG_WARN_UNREACHABLE_CODE = YES;
				CLANG_WARN__DUPLICATE_METHOD_MATCH = YES;
				COPY_PHASE_STRIP = NO;
				DEBUG_INFORMATION_FORMAT = "dwarf-with-dsym";
				ENABLE_NS_ASSERTIONS = NO;
				ENABLE_STRICT_OBJC_MSGSEND = YES;
				GCC_C_LANGUAGE_STANDARD = gnu11;
				GCC_NO_COMMON_BLOCKS = YES;
				GCC_WARN_64_TO_32_BIT_CONVERSION = YES;
				GCC_WARN_ABOUT_RETURN_TYPE = YES_ERROR;
				GCC_WARN_UNDECLARED_SELECTOR = YES;
				GCC_WARN_UNINITIALIZED_AUTOS = YES_AGGRESSIVE;
				GCC_WARN_UNUSED_FUNCTION = YES;
				GCC_WARN_UNUSED_VARIABLE = YES;
				IPHONEOS_DEPLOYMENT_TARGET = 16.0;
				MTL_ENABLE_DEBUG_INFO = NO;
				MTL_FAST_MATH = YES;
				SDKROOT = iphoneos;
				SWIFT_COMPILATION_MODE = wholemodule;
				SWIFT_OPTIMIZATION_LEVEL = "-O";
				VALIDATE_PRODUCT = YES;
			};
			name = Release;
		};
		9CE4A40628E8B1D90029ECA1 /* Debug */ = {
			isa = XCBuildConfiguration;
			baseConfigurationReference = 988FE4164DB7D8B6F8992F2E /* Pods-SpaceX-MVVM-RxSwift.debug.xcconfig */;
			buildSettings = {
				ASSETCATALOG_COMPILER_APPICON_NAME = AppIcon;
				ASSETCATALOG_COMPILER_GLOBAL_ACCENT_COLOR_NAME = AccentColor;
				CODE_SIGN_STYLE = Automatic;
				CURRENT_PROJECT_VERSION = 1;
				DEVELOPMENT_TEAM = 7XP9H5G8CF;
				GENERATE_INFOPLIST_FILE = YES;
				INFOPLIST_FILE = "SpaceX-MVVM-RxSwift/Info.plist";
				INFOPLIST_KEY_CFBundleDisplayName = "SpaceX Launches";
				INFOPLIST_KEY_LSApplicationCategoryType = "public.app-category.utilities";
				INFOPLIST_KEY_UIApplicationSupportsIndirectInputEvents = YES;
				INFOPLIST_KEY_UILaunchStoryboardName = LaunchScreen;
				INFOPLIST_KEY_UISupportedInterfaceOrientations = UIInterfaceOrientationPortrait;
				INFOPLIST_KEY_UISupportedInterfaceOrientations_iPad = "UIInterfaceOrientationLandscapeLeft UIInterfaceOrientationLandscapeRight UIInterfaceOrientationPortrait UIInterfaceOrientationPortraitUpsideDown";
				IPHONEOS_DEPLOYMENT_TARGET = 15.0;
				LD_RUNPATH_SEARCH_PATHS = (
					"$(inherited)",
					"@executable_path/Frameworks",
				);
				MARKETING_VERSION = 1.0;
				PRODUCT_BUNDLE_IDENTIFIER = "com.underscoreow.SpaceX-MVVM-RxSwift";
				PRODUCT_NAME = "$(TARGET_NAME)";
				SUPPORTED_PLATFORMS = "iphoneos iphonesimulator";
				SUPPORTS_MACCATALYST = NO;
				SUPPORTS_MAC_DESIGNED_FOR_IPHONE_IPAD = NO;
				SWIFT_EMIT_LOC_STRINGS = YES;
				SWIFT_VERSION = 5.0;
				TARGETED_DEVICE_FAMILY = 1;
			};
			name = Debug;
		};
		9CE4A40728E8B1D90029ECA1 /* Release */ = {
			isa = XCBuildConfiguration;
			baseConfigurationReference = B9C3AE302973B4834483412F /* Pods-SpaceX-MVVM-RxSwift.release.xcconfig */;
			buildSettings = {
				ASSETCATALOG_COMPILER_APPICON_NAME = AppIcon;
				ASSETCATALOG_COMPILER_GLOBAL_ACCENT_COLOR_NAME = AccentColor;
				CODE_SIGN_STYLE = Automatic;
				CURRENT_PROJECT_VERSION = 1;
				DEVELOPMENT_TEAM = 7XP9H5G8CF;
				GENERATE_INFOPLIST_FILE = YES;
				INFOPLIST_FILE = "SpaceX-MVVM-RxSwift/Info.plist";
				INFOPLIST_KEY_CFBundleDisplayName = "SpaceX Launches";
				INFOPLIST_KEY_LSApplicationCategoryType = "public.app-category.utilities";
				INFOPLIST_KEY_UIApplicationSupportsIndirectInputEvents = YES;
				INFOPLIST_KEY_UILaunchStoryboardName = LaunchScreen;
				INFOPLIST_KEY_UISupportedInterfaceOrientations = UIInterfaceOrientationPortrait;
				INFOPLIST_KEY_UISupportedInterfaceOrientations_iPad = "UIInterfaceOrientationLandscapeLeft UIInterfaceOrientationLandscapeRight UIInterfaceOrientationPortrait UIInterfaceOrientationPortraitUpsideDown";
				IPHONEOS_DEPLOYMENT_TARGET = 15.0;
				LD_RUNPATH_SEARCH_PATHS = (
					"$(inherited)",
					"@executable_path/Frameworks",
				);
				MARKETING_VERSION = 1.0;
				PRODUCT_BUNDLE_IDENTIFIER = "com.underscoreow.SpaceX-MVVM-RxSwift";
				PRODUCT_NAME = "$(TARGET_NAME)";
				SUPPORTED_PLATFORMS = "iphoneos iphonesimulator";
				SUPPORTS_MACCATALYST = NO;
				SUPPORTS_MAC_DESIGNED_FOR_IPHONE_IPAD = NO;
				SWIFT_EMIT_LOC_STRINGS = YES;
				SWIFT_VERSION = 5.0;
				TARGETED_DEVICE_FAMILY = 1;
			};
			name = Release;
		};
/* End XCBuildConfiguration section */

/* Begin XCConfigurationList section */
		9CE4A3EC28E8B1D70029ECA1 /* Build configuration list for PBXProject "SpaceX-MVVM-RxSwift" */ = {
			isa = XCConfigurationList;
			buildConfigurations = (
				9CE4A40328E8B1D90029ECA1 /* Debug */,
				9CE4A40428E8B1D90029ECA1 /* Release */,
			);
			defaultConfigurationIsVisible = 0;
			defaultConfigurationName = Release;
		};
		9CE4A40528E8B1D90029ECA1 /* Build configuration list for PBXNativeTarget "SpaceX-MVVM-RxSwift" */ = {
			isa = XCConfigurationList;
			buildConfigurations = (
				9CE4A40628E8B1D90029ECA1 /* Debug */,
				9CE4A40728E8B1D90029ECA1 /* Release */,
			);
			defaultConfigurationIsVisible = 0;
			defaultConfigurationName = Release;
		};
/* End XCConfigurationList section */
	};
	rootObject = 9CE4A3E928E8B1D70029ECA1 /* Project object */;
}
